
Microsoft Visual Studio Solution File, Format Version 12.00
# Visual Studio Version 17
VisualStudioVersion = 17.3.32825.248
MinimumVisualStudioVersion = 10.0.40219.1
Project("{FAE04EC0-301F-11D3-BF4B-00C04F79EFBC}") = "PlayWords", "PlayWords.csproj", "{D5353BC8-D4B8-48BA-A096-1EB4A59D0F5B}"
EndProject
Global
	GlobalSection(SolutionConfigurationPlatforms) = preSolution
		Debug|Any CPU = Debug|Any CPU
		Release|Any CPU = Release|Any CPU
	EndGlobalSection
	GlobalSection(ProjectConfigurationPlatforms) = postSolution
		{D5353BC8-D4B8-48BA-A096-1EB4A59D0F5B}.Debug|Any CPU.ActiveCfg = Debug|Any CPU
		{D5353BC8-D4B8-48BA-A096-1EB4A59D0F5B}.Debug|Any CPU.Build.0 = Debug|Any CPU
		{D5353BC8-D4B8-48BA-A096-1EB4A59D0F5B}.Release|Any CPU.ActiveCfg = Release|Any CPU
		{D5353BC8-D4B8-48BA-A096-1EB4A59D0F5B}.Release|Any CPU.Build.0 = Release|Any CPU
	EndGlobalSection
	GlobalSection(SolutionProperties) = preSolution
		HideSolutionNode = FALSE
	EndGlobalSection
	GlobalSection(ExtensibilityGlobals) = postSolution
		SolutionGuid = {081001FC-0D36-47FC-AA4D-07E42820B793}
	EndGlobalSection
EndGlobal
