
Microsoft Visual Studio Solution File, Format Version 12.00
# Visual Studio Version 17
VisualStudioVersion = 17.3.32825.248
MinimumVisualStudioVersion = 10.0.40219.1
Project("{8BC9CEB8-8B4A-11D0-8D11-00A0C91BC942}") = "MaxWay", "MaxWay.vcxproj", "{7513D916-49BC-4F91-A1CC-FA127820CD83}"
EndProject
Global
	GlobalSection(SolutionConfigurationPlatforms) = preSolution
		Debug|x64 = Debug|x64
		Debug|x86 = Debug|x86
		Release|x64 = Release|x64
		Release|x86 = Release|x86
	EndGlobalSection
	GlobalSection(ProjectConfigurationPlatforms) = postSolution
		{7513D916-49BC-4F91-A1CC-FA127820CD83}.Debug|x64.ActiveCfg = Debug|x64
		{7513D916-49BC-4F91-A1CC-FA127820CD83}.Debug|x64.Build.0 = Debug|x64
		{7513D916-49BC-4F91-A1CC-FA127820CD83}.Debug|x86.ActiveCfg = Debug|Win32
		{7513D916-49BC-4F91-A1CC-FA127820CD83}.Debug|x86.Build.0 = Debug|Win32
		{7513D916-49BC-4F91-A1CC-FA127820CD83}.Release|x64.ActiveCfg = Release|x64
		{7513D916-49BC-4F91-A1CC-FA127820CD83}.Release|x64.Build.0 = Release|x64
		{7513D916-49BC-4F91-A1CC-FA127820CD83}.Release|x86.ActiveCfg = Release|Win32
		{7513D916-49BC-4F91-A1CC-FA127820CD83}.Release|x86.Build.0 = Release|Win32
	EndGlobalSection
	GlobalSection(SolutionProperties) = preSolution
		HideSolutionNode = FALSE
	EndGlobalSection
	GlobalSection(ExtensibilityGlobals) = postSolution
		SolutionGuid = {9BB1A3A4-0973-44B0-9A93-51698C87FA4F}
	EndGlobalSection
EndGlobal
