
Microsoft Visual Studio Solution File, Format Version 12.00
# Visual Studio Version 17
VisualStudioVersion = 17.3.32825.248
MinimumVisualStudioVersion = 10.0.40219.1
Project("{8BC9CEB8-8B4A-11D0-8D11-00A0C91BC942}") = "SegmentTree", "SegmentTree.vcxproj", "{938B2A5B-F4BF-4E9D-AC58-CB3562848F84}"
EndProject
Global
	GlobalSection(SolutionConfigurationPlatforms) = preSolution
		Debug|x64 = Debug|x64
		Debug|x86 = Debug|x86
		Release|x64 = Release|x64
		Release|x86 = Release|x86
	EndGlobalSection
	GlobalSection(ProjectConfigurationPlatforms) = postSolution
		{938B2A5B-F4BF-4E9D-AC58-CB3562848F84}.Debug|x64.ActiveCfg = Debug|x64
		{938B2A5B-F4BF-4E9D-AC58-CB3562848F84}.Debug|x64.Build.0 = Debug|x64
		{938B2A5B-F4BF-4E9D-AC58-CB3562848F84}.Debug|x86.ActiveCfg = Debug|Win32
		{938B2A5B-F4BF-4E9D-AC58-CB3562848F84}.Debug|x86.Build.0 = Debug|Win32
		{938B2A5B-F4BF-4E9D-AC58-CB3562848F84}.Release|x64.ActiveCfg = Release|x64
		{938B2A5B-F4BF-4E9D-AC58-CB3562848F84}.Release|x64.Build.0 = Release|x64
		{938B2A5B-F4BF-4E9D-AC58-CB3562848F84}.Release|x86.ActiveCfg = Release|Win32
		{938B2A5B-F4BF-4E9D-AC58-CB3562848F84}.Release|x86.Build.0 = Release|Win32
	EndGlobalSection
	GlobalSection(SolutionProperties) = preSolution
		HideSolutionNode = FALSE
	EndGlobalSection
	GlobalSection(ExtensibilityGlobals) = postSolution
		SolutionGuid = {10695CE3-0C69-4BDA-ABF6-7F1E8965E2E6}
	EndGlobalSection
EndGlobal
